
Microsoft Visual Studio Solution File, Format Version 12.00
# Visual Studio 15
VisualStudioVersion = 15.0.28307.1145
MinimumVisualStudioVersion = 10.0.40219.1
Project("{FAE04EC0-301F-11D3-BF4B-00C04F79EFBC}") = "ConsoleApp8", "ConsoleApp8\ConsoleApp8.csproj", "{F3A16228-B674-4E62-8A45-3D572FF12CF7}"
EndProject
Global
	GlobalSection(SolutionConfigurationPlatforms) = preSolution
		Debug|Any CPU = Debug|Any CPU
		Release|Any CPU = Release|Any CPU
	EndGlobalSection
	GlobalSection(ProjectConfigurationPlatforms) = postSolution
		{F3A16228-B674-4E62-8A45-3D572FF12CF7}.Debug|Any CPU.ActiveCfg = Debug|Any CPU
		{F3A16228-B674-4E62-8A45-3D572FF12CF7}.Debug|Any CPU.Build.0 = Debug|Any CPU
		{F3A16228-B674-4E62-8A45-3D572FF12CF7}.Release|Any CPU.ActiveCfg = Release|Any CPU
		{F3A16228-B674-4E62-8A45-3D572FF12CF7}.Release|Any CPU.Build.0 = Release|Any CPU
	EndGlobalSection
	GlobalSection(SolutionProperties) = preSolution
		HideSolutionNode = FALSE
	EndGlobalSection
	GlobalSection(ExtensibilityGlobals) = postSolution
		SolutionGuid = {F87856F0-FEDE-49A4-985C-9FD433886B10}
	EndGlobalSection
EndGlobal
